
Microsoft Visual Studio Solution File, Format Version 12.00
# Visual Studio Version 17
VisualStudioVersion = 17.5.002.0
MinimumVisualStudioVersion = 10.0.40219.1
Project("{9A19103F-16F7-4668-BE54-9A1E7A4F7556}") = "AC-2015-08", "AC-2015-08.csproj", "{B60F3F37-EB81-40A6-8D06-6ACE988486D0}"
EndProject
Global
	GlobalSection(SolutionConfigurationPlatforms) = preSolution
		Debug|Any CPU = Debug|Any CPU
		Release|Any CPU = Release|Any CPU
	EndGlobalSection
	GlobalSection(ProjectConfigurationPlatforms) = postSolution
		{B60F3F37-EB81-40A6-8D06-6ACE988486D0}.Debug|Any CPU.ActiveCfg = Debug|Any CPU
		{B60F3F37-EB81-40A6-8D06-6ACE988486D0}.Debug|Any CPU.Build.0 = Debug|Any CPU
		{B60F3F37-EB81-40A6-8D06-6ACE988486D0}.Release|Any CPU.ActiveCfg = Release|Any CPU
		{B60F3F37-EB81-40A6-8D06-6ACE988486D0}.Release|Any CPU.Build.0 = Release|Any CPU
	EndGlobalSection
	GlobalSection(SolutionProperties) = preSolution
		HideSolutionNode = FALSE
	EndGlobalSection
	GlobalSection(ExtensibilityGlobals) = postSolution
		SolutionGuid = {04E785E7-9F35-4F56-B09A-F35875BB31FA}
	EndGlobalSection
EndGlobal
