
Microsoft Visual Studio Solution File, Format Version 12.00
# Visual Studio Version 17
VisualStudioVersion = 17.5.002.0
MinimumVisualStudioVersion = 10.0.40219.1
Project("{9A19103F-16F7-4668-BE54-9A1E7A4F7556}") = "AC-2015-01", "AC-2015-01.csproj", "{1DDE2154-E5FC-47CA-A947-C8FDF8003A26}"
EndProject
Global
	GlobalSection(SolutionConfigurationPlatforms) = preSolution
		Debug|Any CPU = Debug|Any CPU
		Release|Any CPU = Release|Any CPU
	EndGlobalSection
	GlobalSection(ProjectConfigurationPlatforms) = postSolution
		{1DDE2154-E5FC-47CA-A947-C8FDF8003A26}.Debug|Any CPU.ActiveCfg = Debug|Any CPU
		{1DDE2154-E5FC-47CA-A947-C8FDF8003A26}.Debug|Any CPU.Build.0 = Debug|Any CPU
		{1DDE2154-E5FC-47CA-A947-C8FDF8003A26}.Release|Any CPU.ActiveCfg = Release|Any CPU
		{1DDE2154-E5FC-47CA-A947-C8FDF8003A26}.Release|Any CPU.Build.0 = Release|Any CPU
	EndGlobalSection
	GlobalSection(SolutionProperties) = preSolution
		HideSolutionNode = FALSE
	EndGlobalSection
	GlobalSection(ExtensibilityGlobals) = postSolution
		SolutionGuid = {9683D351-8E50-4F4F-A3AA-1AFA628A9D98}
	EndGlobalSection
EndGlobal
