
Microsoft Visual Studio Solution File, Format Version 12.00
# Visual Studio Version 17
VisualStudioVersion = 17.5.002.0
MinimumVisualStudioVersion = 10.0.40219.1
Project("{9A19103F-16F7-4668-BE54-9A1E7A4F7556}") = "AC-2015-05", "AC-2015-05.csproj", "{C6945A82-584C-4751-8916-53FCABA05A72}"
EndProject
Global
	GlobalSection(SolutionConfigurationPlatforms) = preSolution
		Debug|Any CPU = Debug|Any CPU
		Release|Any CPU = Release|Any CPU
	EndGlobalSection
	GlobalSection(ProjectConfigurationPlatforms) = postSolution
		{C6945A82-584C-4751-8916-53FCABA05A72}.Debug|Any CPU.ActiveCfg = Debug|Any CPU
		{C6945A82-584C-4751-8916-53FCABA05A72}.Debug|Any CPU.Build.0 = Debug|Any CPU
		{C6945A82-584C-4751-8916-53FCABA05A72}.Release|Any CPU.ActiveCfg = Release|Any CPU
		{C6945A82-584C-4751-8916-53FCABA05A72}.Release|Any CPU.Build.0 = Release|Any CPU
	EndGlobalSection
	GlobalSection(SolutionProperties) = preSolution
		HideSolutionNode = FALSE
	EndGlobalSection
	GlobalSection(ExtensibilityGlobals) = postSolution
		SolutionGuid = {1A9831E2-1129-473D-AB37-D3DC54C7EA1B}
	EndGlobalSection
EndGlobal
