
Microsoft Visual Studio Solution File, Format Version 12.00
# Visual Studio Version 17
VisualStudioVersion = 17.5.002.0
MinimumVisualStudioVersion = 10.0.40219.1
Project("{9A19103F-16F7-4668-BE54-9A1E7A4F7556}") = "AC-2015-07", "AC-2015-07.csproj", "{CD72BBD6-DC37-49A9-9CFF-19FC71A9F326}"
EndProject
Global
	GlobalSection(SolutionConfigurationPlatforms) = preSolution
		Debug|Any CPU = Debug|Any CPU
		Release|Any CPU = Release|Any CPU
	EndGlobalSection
	GlobalSection(ProjectConfigurationPlatforms) = postSolution
		{CD72BBD6-DC37-49A9-9CFF-19FC71A9F326}.Debug|Any CPU.ActiveCfg = Debug|Any CPU
		{CD72BBD6-DC37-49A9-9CFF-19FC71A9F326}.Debug|Any CPU.Build.0 = Debug|Any CPU
		{CD72BBD6-DC37-49A9-9CFF-19FC71A9F326}.Release|Any CPU.ActiveCfg = Release|Any CPU
		{CD72BBD6-DC37-49A9-9CFF-19FC71A9F326}.Release|Any CPU.Build.0 = Release|Any CPU
	EndGlobalSection
	GlobalSection(SolutionProperties) = preSolution
		HideSolutionNode = FALSE
	EndGlobalSection
	GlobalSection(ExtensibilityGlobals) = postSolution
		SolutionGuid = {DC60242C-12BA-45DC-A4F5-50783F26B721}
	EndGlobalSection
EndGlobal
